
Microsoft Visual Studio Solution File, Format Version 12.00
# Visual Studio Version 17
VisualStudioVersion = 17.9.34714.143
MinimumVisualStudioVersion = 10.0.40219.1
Project("{FAE04EC0-301F-11D3-BF4B-00C04F79EFBC}") = "Assignment01", "Assignment01.csproj", "{2CD886CA-A5C9-4FC6-B4BC-68316BD9FDCC}"
EndProject
Global
	GlobalSection(SolutionConfigurationPlatforms) = preSolution
		Debug|Any CPU = Debug|Any CPU
		Release|Any CPU = Release|Any CPU
	EndGlobalSection
	GlobalSection(ProjectConfigurationPlatforms) = postSolution
		{2CD886CA-A5C9-4FC6-B4BC-68316BD9FDCC}.Debug|Any CPU.ActiveCfg = Debug|Any CPU
		{2CD886CA-A5C9-4FC6-B4BC-68316BD9FDCC}.Debug|Any CPU.Build.0 = Debug|Any CPU
		{2CD886CA-A5C9-4FC6-B4BC-68316BD9FDCC}.Release|Any CPU.ActiveCfg = Release|Any CPU
		{2CD886CA-A5C9-4FC6-B4BC-68316BD9FDCC}.Release|Any CPU.Build.0 = Release|Any CPU
	EndGlobalSection
	GlobalSection(SolutionProperties) = preSolution
		HideSolutionNode = FALSE
	EndGlobalSection
	GlobalSection(ExtensibilityGlobals) = postSolution
		SolutionGuid = {145195CA-B1A2-4394-8BA6-41ADD88C3CD7}
	EndGlobalSection
EndGlobal
