
Microsoft Visual Studio Solution File, Format Version 12.00
# Visual Studio Version 17
VisualStudioVersion = 17.9.34728.123
MinimumVisualStudioVersion = 10.0.40219.1
Project("{FAE04EC0-301F-11D3-BF4B-00C04F79EFBC}") = "2-5-2024", "2-5-2024.csproj", "{4CE2F971-27DD-47B8-B150-941791EB0029}"
EndProject
Global
	GlobalSection(SolutionConfigurationPlatforms) = preSolution
		Debug|Any CPU = Debug|Any CPU
		Release|Any CPU = Release|Any CPU
	EndGlobalSection
	GlobalSection(ProjectConfigurationPlatforms) = postSolution
		{4CE2F971-27DD-47B8-B150-941791EB0029}.Debug|Any CPU.ActiveCfg = Debug|Any CPU
		{4CE2F971-27DD-47B8-B150-941791EB0029}.Debug|Any CPU.Build.0 = Debug|Any CPU
		{4CE2F971-27DD-47B8-B150-941791EB0029}.Release|Any CPU.ActiveCfg = Release|Any CPU
		{4CE2F971-27DD-47B8-B150-941791EB0029}.Release|Any CPU.Build.0 = Release|Any CPU
	EndGlobalSection
	GlobalSection(SolutionProperties) = preSolution
		HideSolutionNode = FALSE
	EndGlobalSection
	GlobalSection(ExtensibilityGlobals) = postSolution
		SolutionGuid = {056C2607-5BF6-4FC9-96A1-AA319529DE8A}
	EndGlobalSection
EndGlobal
